Microsoft Visual Studio Solution File, Format Version 12.00
# Visual Studio Version 16
VisualStudioVersion = 16.0.29306.81
MinimumVisualStudioVersion = 10.0.40219.1
Project("{FAE04EC0-301F-11D3-BF4B-00C04F79EFBC}") = "Dopple", "Dopple\Dopple.csproj", "{91E6A3D9-178A-430C-A6D6-83FF98B69AF9}"
EndProject
Global
	GlobalSection(SolutionConfigurationPlatforms) = preSolution
		Debug|iPhone = Debug|iPhone
		Debug|iPhoneSimulator = Debug|iPhoneSimulator
		Release|iPhone = Release|iPhone
		Release|iPhoneSimulator = Release|iPhoneSimulator
		ReleaseNoOpt|iPhone = ReleaseNoOpt|iPhone
		ReleaseNoOpt|iPhoneSimulator = ReleaseNoOpt|iPhoneSimulator
	EndGlobalSection
	GlobalSection(ProjectConfigurationPlatforms) = postSolution
		{91E6A3D9-178A-430C-A6D6-83FF98B69AF9}.Debug|iPhone.ActiveCfg = Debug|iPhone
		{91E6A3D9-178A-430C-A6D6-83FF98B69AF9}.Debug|iPhone.Build.0 = Debug|iPhone
		{91E6A3D9-178A-430C-A6D6-83FF98B69AF9}.Debug|iPhone.Deploy.0 = Debug|iPhone
		{91E6A3D9-178A-430C-A6D6-83FF98B69AF9}.Debug|iPhoneSimulator.ActiveCfg = Debug|iPhoneSimulator
		{91E6A3D9-178A-430C-A6D6-83FF98B69AF9}.Debug|iPhoneSimulator.Build.0 = Debug|iPhoneSimulator
		{91E6A3D9-178A-430C-A6D6-83FF98B69AF9}.Release|iPhone.ActiveCfg = Release|iPhone
		{91E6A3D9-178A-430C-A6D6-83FF98B69AF9}.Release|iPhone.Build.0 = Release|iPhone
		{91E6A3D9-178A-430C-A6D6-83FF98B69AF9}.Release|iPhone.Deploy.0 = Release|iPhone
		{91E6A3D9-178A-430C-A6D6-83FF98B69AF9}.Release|iPhoneSimulator.ActiveCfg = Release|iPhoneSimulator
		{91E6A3D9-178A-430C-A6D6-83FF98B69AF9}.Release|iPhoneSimulator.Build.0 = Release|iPhoneSimulator
		{91E6A3D9-178A-430C-A6D6-83FF98B69AF9}.ReleaseNoOpt|iPhone.ActiveCfg = ReleaseNoOpt|iPhone
		{91E6A3D9-178A-430C-A6D6-83FF98B69AF9}.ReleaseNoOpt|iPhone.Build.0 = ReleaseNoOpt|iPhone
		{91E6A3D9-178A-430C-A6D6-83FF98B69AF9}.ReleaseNoOpt|iPhone.Deploy.0 = ReleaseNoOpt|iPhone
		{91E6A3D9-178A-430C-A6D6-83FF98B69AF9}.ReleaseNoOpt|iPhoneSimulator.ActiveCfg = ReleaseNoOpt|iPhoneSimulator
		{91E6A3D9-178A-430C-A6D6-83FF98B69AF9}.ReleaseNoOpt|iPhoneSimulator.Build.0 = ReleaseNoOpt|iPhoneSimulator
	EndGlobalSection
	GlobalSection(SolutionProperties) = preSolution
		HideSolutionNode = FALSE
	EndGlobalSection
	GlobalSection(ExtensibilityGlobals) = postSolution
		SolutionGuid = {81B87170-69E3-489D-A931-8E9DFC5E0CC6}
	EndGlobalSection
EndGlobal
